
Microsoft Visual Studio Solution File, Format Version 12.00
# Visual Studio 14
VisualStudioVersion = 14.0.25420.1
MinimumVisualStudioVersion = 10.0.40219.1
Project("{FAE04EC0-301F-11D3-BF4B-00C04F79EFBC}") = "WebAPI2", "WebAPI2\WebAPI2.csproj", "{9A969C43-8BD9-4FB0-B24C-9C39824E88E5}"
EndProject
Project("{FAE04EC0-301F-11D3-BF4B-00C04F79EFBC}") = "BusinessLayer", "BusinessLayer\BusinessLayer.csproj", "{102886C8-8ED3-4EA8-ACE8-8E6F218FB54C}"
EndProject
Project("{FAE04EC0-301F-11D3-BF4B-00C04F79EFBC}") = "DataAccessLayer", "DataAccessLayer\DataAccessLayer.csproj", "{06121AA5-60BB-4602-943F-0B0E23E6FFBD}"
EndProject
Project("{FAE04EC0-301F-11D3-BF4B-00C04F79EFBC}") = "Entity", "Entity\Entity.csproj", "{DF9B83AA-B683-4920-9465-23968D6434EF}"
EndProject
Global
	GlobalSection(SolutionConfigurationPlatforms) = preSolution
		Debug|Any CPU = Debug|Any CPU
		Release|Any CPU = Release|Any CPU
	EndGlobalSection
	GlobalSection(ProjectConfigurationPlatforms) = postSolution
		{9A969C43-8BD9-4FB0-B24C-9C39824E88E5}.Debug|Any CPU.ActiveCfg = Debug|Any CPU
		{9A969C43-8BD9-4FB0-B24C-9C39824E88E5}.Debug|Any CPU.Build.0 = Debug|Any CPU
		{9A969C43-8BD9-4FB0-B24C-9C39824E88E5}.Release|Any CPU.ActiveCfg = Release|Any CPU
		{9A969C43-8BD9-4FB0-B24C-9C39824E88E5}.Release|Any CPU.Build.0 = Release|Any CPU
		{102886C8-8ED3-4EA8-ACE8-8E6F218FB54C}.Debug|Any CPU.ActiveCfg = Debug|Any CPU
		{102886C8-8ED3-4EA8-ACE8-8E6F218FB54C}.Debug|Any CPU.Build.0 = Debug|Any CPU
		{102886C8-8ED3-4EA8-ACE8-8E6F218FB54C}.Release|Any CPU.ActiveCfg = Release|Any CPU
		{102886C8-8ED3-4EA8-ACE8-8E6F218FB54C}.Release|Any CPU.Build.0 = Release|Any CPU
		{06121AA5-60BB-4602-943F-0B0E23E6FFBD}.Debug|Any CPU.ActiveCfg = Debug|Any CPU
		{06121AA5-60BB-4602-943F-0B0E23E6FFBD}.Debug|Any CPU.Build.0 = Debug|Any CPU
		{06121AA5-60BB-4602-943F-0B0E23E6FFBD}.Release|Any CPU.ActiveCfg = Release|Any CPU
		{06121AA5-60BB-4602-943F-0B0E23E6FFBD}.Release|Any CPU.Build.0 = Release|Any CPU
		{DF9B83AA-B683-4920-9465-23968D6434EF}.Debug|Any CPU.ActiveCfg = Debug|Any CPU
		{DF9B83AA-B683-4920-9465-23968D6434EF}.Debug|Any CPU.Build.0 = Debug|Any CPU
		{DF9B83AA-B683-4920-9465-23968D6434EF}.Release|Any CPU.ActiveCfg = Release|Any CPU
		{DF9B83AA-B683-4920-9465-23968D6434EF}.Release|Any CPU.Build.0 = Release|Any CPU
	EndGlobalSection
	GlobalSection(SolutionProperties) = preSolution
		HideSolutionNode = FALSE
	EndGlobalSection
EndGlobal
